
Microsoft Visual Studio Solution File, Format Version 12.00
# Visual Studio Version 17
VisualStudioVersion = 17.0.31903.59
MinimumVisualStudioVersion = 10.0.40219.1
Project("{FAE04EC0-301F-11D3-BF4B-00C04F79EFBC}") = "Folly.Core", "src\Folly.Core\Folly.Core.csproj", "{2A1B1C1D-1E1F-2020-2122-232425262728}"
EndProject
Project("{FAE04EC0-301F-11D3-BF4B-00C04F79EFBC}") = "Folly.Pdf", "src\Folly.Pdf\Folly.Pdf.csproj", "{3A1B1C1D-1E1F-2020-2122-232425262729}"
EndProject
Project("{FAE04EC0-301F-11D3-BF4B-00C04F79EFBC}") = "Folly.Fluent", "src\Folly.Fluent\Folly.Fluent.csproj", "{4A1B1C1D-1E1F-2020-2122-232425262730}"
EndProject
Project("{FAE04EC0-301F-11D3-BF4B-00C04F79EFBC}") = "Folly.UnitTests", "tests\Folly.UnitTests\Folly.UnitTests.csproj", "{5A1B1C1D-1E1F-2020-2122-232425262731}"
EndProject
Project("{FAE04EC0-301F-11D3-BF4B-00C04F79EFBC}") = "Folly.SpecTests", "tests\Folly.SpecTests\Folly.SpecTests.csproj", "{6A1B1C1D-1E1F-2020-2122-232425262732}"
EndProject
Project("{2150E333-8FDC-42A3-9474-1A3956D46DE8}") = "examples", "examples", "{B833AF6E-15C4-468F-987C-2E7F5E2CA3D8}"
EndProject
Project("{FAE04EC0-301F-11D3-BF4B-00C04F79EFBC}") = "Folly.Examples", "examples\Folly.Examples\Folly.Examples.csproj", "{BF126CC9-C291-4CF9-9BC4-617A48F3D700}"
EndProject
Project("{2150E333-8FDC-42A3-9474-1A3956D46DE8}") = "src", "src", "{68A91BF0-4AEF-4F71-8B51-20C30509E4D8}"
EndProject
Project("{FAE04EC0-301F-11D3-BF4B-00C04F79EFBC}") = "Folly.SourceGenerators", "src\Folly.SourceGenerators\Folly.SourceGenerators.csproj", "{A16E6DD9-B2F1-4FF7-904D-63C221C93683}"
EndProject
Global
	GlobalSection(SolutionConfigurationPlatforms) = preSolution
		Debug|Any CPU = Debug|Any CPU
		Release|Any CPU = Release|Any CPU
	EndGlobalSection
	GlobalSection(ProjectConfigurationPlatforms) = postSolution
		{2A1B1C1D-1E1F-2020-2122-232425262728}.Debug|Any CPU.ActiveCfg = Debug|Any CPU
		{2A1B1C1D-1E1F-2020-2122-232425262728}.Debug|Any CPU.Build.0 = Debug|Any CPU
		{2A1B1C1D-1E1F-2020-2122-232425262728}.Release|Any CPU.ActiveCfg = Release|Any CPU
		{2A1B1C1D-1E1F-2020-2122-232425262728}.Release|Any CPU.Build.0 = Release|Any CPU
		{3A1B1C1D-1E1F-2020-2122-232425262729}.Debug|Any CPU.ActiveCfg = Debug|Any CPU
		{3A1B1C1D-1E1F-2020-2122-232425262729}.Debug|Any CPU.Build.0 = Debug|Any CPU
		{3A1B1C1D-1E1F-2020-2122-232425262729}.Release|Any CPU.ActiveCfg = Release|Any CPU
		{3A1B1C1D-1E1F-2020-2122-232425262729}.Release|Any CPU.Build.0 = Release|Any CPU
		{4A1B1C1D-1E1F-2020-2122-232425262730}.Debug|Any CPU.ActiveCfg = Debug|Any CPU
		{4A1B1C1D-1E1F-2020-2122-232425262730}.Debug|Any CPU.Build.0 = Debug|Any CPU
		{4A1B1C1D-1E1F-2020-2122-232425262730}.Release|Any CPU.ActiveCfg = Release|Any CPU
		{4A1B1C1D-1E1F-2020-2122-232425262730}.Release|Any CPU.Build.0 = Release|Any CPU
		{5A1B1C1D-1E1F-2020-2122-232425262731}.Debug|Any CPU.ActiveCfg = Debug|Any CPU
		{5A1B1C1D-1E1F-2020-2122-232425262731}.Debug|Any CPU.Build.0 = Debug|Any CPU
		{5A1B1C1D-1E1F-2020-2122-232425262731}.Release|Any CPU.ActiveCfg = Release|Any CPU
		{5A1B1C1D-1E1F-2020-2122-232425262731}.Release|Any CPU.Build.0 = Release|Any CPU
		{6A1B1C1D-1E1F-2020-2122-232425262732}.Debug|Any CPU.ActiveCfg = Debug|Any CPU
		{6A1B1C1D-1E1F-2020-2122-232425262732}.Debug|Any CPU.Build.0 = Debug|Any CPU
		{6A1B1C1D-1E1F-2020-2122-232425262732}.Release|Any CPU.ActiveCfg = Release|Any CPU
		{6A1B1C1D-1E1F-2020-2122-232425262732}.Release|Any CPU.Build.0 = Release|Any CPU
		{BF126CC9-C291-4CF9-9BC4-617A48F3D700}.Debug|Any CPU.ActiveCfg = Debug|Any CPU
		{BF126CC9-C291-4CF9-9BC4-617A48F3D700}.Debug|Any CPU.Build.0 = Debug|Any CPU
		{BF126CC9-C291-4CF9-9BC4-617A48F3D700}.Release|Any CPU.ActiveCfg = Release|Any CPU
		{BF126CC9-C291-4CF9-9BC4-617A48F3D700}.Release|Any CPU.Build.0 = Release|Any CPU
		{A16E6DD9-B2F1-4FF7-904D-63C221C93683}.Debug|Any CPU.ActiveCfg = Debug|Any CPU
		{A16E6DD9-B2F1-4FF7-904D-63C221C93683}.Debug|Any CPU.Build.0 = Debug|Any CPU
		{A16E6DD9-B2F1-4FF7-904D-63C221C93683}.Release|Any CPU.ActiveCfg = Release|Any CPU
		{A16E6DD9-B2F1-4FF7-904D-63C221C93683}.Release|Any CPU.Build.0 = Release|Any CPU
	EndGlobalSection
	GlobalSection(NestedProjects) = preSolution
		{BF126CC9-C291-4CF9-9BC4-617A48F3D700} = {B833AF6E-15C4-468F-987C-2E7F5E2CA3D8}
		{A16E6DD9-B2F1-4FF7-904D-63C221C93683} = {68A91BF0-4AEF-4F71-8B51-20C30509E4D8}
	EndGlobalSection
EndGlobal
