
Microsoft Visual Studio Solution File, Format Version 12.00
# Visual Studio Version 17
VisualStudioVersion = 17.0.31903.59
MinimumVisualStudioVersion = 10.0.40219.1
Project("{FAE04EC0-301F-11D3-BF4B-00C04F79EFBC}") = "Folly.Core", "src\Folly.Core\Folly.Core.csproj", "{2A1B1C1D-1E1F-2020-2122-232425262728}"
EndProject
Project("{FAE04EC0-301F-11D3-BF4B-00C04F79EFBC}") = "Folly.Pdf.Core", "src\Folly.Pdf.Core\Folly.Pdf.Core.csproj", "{3A1B1C1D-1E1F-2020-2122-232425262729}"
EndProject
Project("{FAE04EC0-301F-11D3-BF4B-00C04F79EFBC}") = "Folly.Fluent", "src\Folly.Fluent\Folly.Fluent.csproj", "{4A1B1C1D-1E1F-2020-2122-232425262730}"
EndProject
Project("{FAE04EC0-301F-11D3-BF4B-00C04F79EFBC}") = "Folly.UnitTests", "tests\Folly.UnitTests\Folly.UnitTests.csproj", "{5A1B1C1D-1E1F-2020-2122-232425262731}"
EndProject
Project("{FAE04EC0-301F-11D3-BF4B-00C04F79EFBC}") = "Folly.SpecTests", "tests\Folly.SpecTests\Folly.SpecTests.csproj", "{6A1B1C1D-1E1F-2020-2122-232425262732}"
EndProject
Project("{2150E333-8FDC-42A3-9474-1A3956D46DE8}") = "examples", "examples", "{B833AF6E-15C4-468F-987C-2E7F5E2CA3D8}"
EndProject
Project("{FAE04EC0-301F-11D3-BF4B-00C04F79EFBC}") = "Folly.Examples", "examples\Folly.Examples\Folly.Examples.csproj", "{BF126CC9-C291-4CF9-9BC4-617A48F3D700}"
EndProject
Project("{2150E333-8FDC-42A3-9474-1A3956D46DE8}") = "src", "src", "{CF4C64A9-A9EA-4AD0-8CEE-6CD194D45E81}"
EndProject
Project("{FAE04EC0-301F-11D3-BF4B-00C04F79EFBC}") = "Folly.SourceGenerators.Fonts", "src\Folly.SourceGenerators.Fonts\Folly.SourceGenerators.Fonts.csproj", "{6E695A19-EFD5-434F-A14D-76E82B1EF32C}"
EndProject
Project("{FAE04EC0-301F-11D3-BF4B-00C04F79EFBC}") = "Folly.SourceGenerators.Glyphs", "src\Folly.SourceGenerators.Glyphs\Folly.SourceGenerators.Glyphs.csproj", "{3A789A72-4941-4F5D-BF9B-179A7CE7D9BD}"
EndProject
Project("{FAE04EC0-301F-11D3-BF4B-00C04F79EFBC}") = "Folly.Typography", "src\Folly.Typography\Folly.Typography.csproj", "{57EE889A-57C8-41F9-ADAC-A8F235BABB97}"
EndProject
Project("{FAE04EC0-301F-11D3-BF4B-00C04F79EFBC}") = "Folly.Images", "src\Folly.Images\Folly.Images.csproj", "{610CB474-8221-43EA-99C8-38DD1D8EC65C}"
EndProject
Project("{2150E333-8FDC-42A3-9474-1A3956D46DE8}") = "tests", "tests", "{CD7FA5A1-24E7-46A5-9382-8160E1160304}"
EndProject
Project("{FAE04EC0-301F-11D3-BF4B-00C04F79EFBC}") = "Folly.Typography.Tests", "tests\Folly.Typography.Tests\Folly.Typography.Tests.csproj", "{B8027F84-7C56-4B09-8BD6-BA565B944A9D}"
EndProject
Project("{FAE04EC0-301F-11D3-BF4B-00C04F79EFBC}") = "Folly.Images.Tests", "tests\Folly.Images.Tests\Folly.Images.Tests.csproj", "{F49AC819-11F9-48D3-A8F2-F479E7B7285D}"
EndProject
Project("{FAE04EC0-301F-11D3-BF4B-00C04F79EFBC}") = "Folly.Svg", "src\Folly.Svg\Folly.Svg.csproj", "{4707DD7B-B8DC-4A2F-A046-A9E52F9F2DCF}"
EndProject
Project("{FAE04EC0-301F-11D3-BF4B-00C04F79EFBC}") = "Folly.Svg.Tests", "tests\Folly.Svg.Tests\Folly.Svg.Tests.csproj", "{DB49E605-D950-49DE-AA3D-0F2602373883}"
EndProject
Project("{FAE04EC0-301F-11D3-BF4B-00C04F79EFBC}") = "Folly.Xslfo.Layout", "src\Folly.Xslfo.Layout\Folly.Xslfo.Layout.csproj", "{AB7F551E-A98D-465B-AF59-D16BC6CA35E2}"
EndProject
Project("{FAE04EC0-301F-11D3-BF4B-00C04F79EFBC}") = "Folly.Layout.Tests", "tests\Folly.Layout.Tests\Folly.Layout.Tests.csproj", "{9CC27A25-C43F-4E44-8EF0-F92CEB3A4CE7}"
EndProject
Project("{FAE04EC0-301F-11D3-BF4B-00C04F79EFBC}") = "Folly.Xslfo.Layout.Tests", "tests\Folly.Xslfo.Layout.Tests\Folly.Xslfo.Layout.Tests.csproj", "{5AFA682C-4FA4-4FE7-9EEF-1D50AC0197D1}"
EndProject
Global
	GlobalSection(SolutionConfigurationPlatforms) = preSolution
		Debug|Any CPU = Debug|Any CPU
		Release|Any CPU = Release|Any CPU
	EndGlobalSection
	GlobalSection(ProjectConfigurationPlatforms) = postSolution
		{2A1B1C1D-1E1F-2020-2122-232425262728}.Debug|Any CPU.ActiveCfg = Debug|Any CPU
		{2A1B1C1D-1E1F-2020-2122-232425262728}.Debug|Any CPU.Build.0 = Debug|Any CPU
		{2A1B1C1D-1E1F-2020-2122-232425262728}.Release|Any CPU.ActiveCfg = Release|Any CPU
		{2A1B1C1D-1E1F-2020-2122-232425262728}.Release|Any CPU.Build.0 = Release|Any CPU
		{3A1B1C1D-1E1F-2020-2122-232425262729}.Debug|Any CPU.ActiveCfg = Debug|Any CPU
		{3A1B1C1D-1E1F-2020-2122-232425262729}.Debug|Any CPU.Build.0 = Debug|Any CPU
		{3A1B1C1D-1E1F-2020-2122-232425262729}.Release|Any CPU.ActiveCfg = Release|Any CPU
		{3A1B1C1D-1E1F-2020-2122-232425262729}.Release|Any CPU.Build.0 = Release|Any CPU
		{4A1B1C1D-1E1F-2020-2122-232425262730}.Debug|Any CPU.ActiveCfg = Debug|Any CPU
		{4A1B1C1D-1E1F-2020-2122-232425262730}.Debug|Any CPU.Build.0 = Debug|Any CPU
		{4A1B1C1D-1E1F-2020-2122-232425262730}.Release|Any CPU.ActiveCfg = Release|Any CPU
		{4A1B1C1D-1E1F-2020-2122-232425262730}.Release|Any CPU.Build.0 = Release|Any CPU
		{5A1B1C1D-1E1F-2020-2122-232425262731}.Debug|Any CPU.ActiveCfg = Debug|Any CPU
		{5A1B1C1D-1E1F-2020-2122-232425262731}.Debug|Any CPU.Build.0 = Debug|Any CPU
		{5A1B1C1D-1E1F-2020-2122-232425262731}.Release|Any CPU.ActiveCfg = Release|Any CPU
		{5A1B1C1D-1E1F-2020-2122-232425262731}.Release|Any CPU.Build.0 = Release|Any CPU
		{6A1B1C1D-1E1F-2020-2122-232425262732}.Debug|Any CPU.ActiveCfg = Debug|Any CPU
		{6A1B1C1D-1E1F-2020-2122-232425262732}.Debug|Any CPU.Build.0 = Debug|Any CPU
		{6A1B1C1D-1E1F-2020-2122-232425262732}.Release|Any CPU.ActiveCfg = Release|Any CPU
		{6A1B1C1D-1E1F-2020-2122-232425262732}.Release|Any CPU.Build.0 = Release|Any CPU
		{BF126CC9-C291-4CF9-9BC4-617A48F3D700}.Debug|Any CPU.ActiveCfg = Debug|Any CPU
		{BF126CC9-C291-4CF9-9BC4-617A48F3D700}.Debug|Any CPU.Build.0 = Debug|Any CPU
		{BF126CC9-C291-4CF9-9BC4-617A48F3D700}.Release|Any CPU.ActiveCfg = Release|Any CPU
		{BF126CC9-C291-4CF9-9BC4-617A48F3D700}.Release|Any CPU.Build.0 = Release|Any CPU
		{6E695A19-EFD5-434F-A14D-76E82B1EF32C}.Debug|Any CPU.ActiveCfg = Debug|Any CPU
		{6E695A19-EFD5-434F-A14D-76E82B1EF32C}.Debug|Any CPU.Build.0 = Debug|Any CPU
		{6E695A19-EFD5-434F-A14D-76E82B1EF32C}.Release|Any CPU.ActiveCfg = Release|Any CPU
		{6E695A19-EFD5-434F-A14D-76E82B1EF32C}.Release|Any CPU.Build.0 = Release|Any CPU
		{3A789A72-4941-4F5D-BF9B-179A7CE7D9BD}.Debug|Any CPU.ActiveCfg = Debug|Any CPU
		{3A789A72-4941-4F5D-BF9B-179A7CE7D9BD}.Debug|Any CPU.Build.0 = Debug|Any CPU
		{3A789A72-4941-4F5D-BF9B-179A7CE7D9BD}.Release|Any CPU.ActiveCfg = Release|Any CPU
		{3A789A72-4941-4F5D-BF9B-179A7CE7D9BD}.Release|Any CPU.Build.0 = Release|Any CPU
		{57EE889A-57C8-41F9-ADAC-A8F235BABB97}.Debug|Any CPU.ActiveCfg = Debug|Any CPU
		{57EE889A-57C8-41F9-ADAC-A8F235BABB97}.Debug|Any CPU.Build.0 = Debug|Any CPU
		{57EE889A-57C8-41F9-ADAC-A8F235BABB97}.Release|Any CPU.ActiveCfg = Release|Any CPU
		{57EE889A-57C8-41F9-ADAC-A8F235BABB97}.Release|Any CPU.Build.0 = Release|Any CPU
		{610CB474-8221-43EA-99C8-38DD1D8EC65C}.Debug|Any CPU.ActiveCfg = Debug|Any CPU
		{610CB474-8221-43EA-99C8-38DD1D8EC65C}.Debug|Any CPU.Build.0 = Debug|Any CPU
		{610CB474-8221-43EA-99C8-38DD1D8EC65C}.Release|Any CPU.ActiveCfg = Release|Any CPU
		{610CB474-8221-43EA-99C8-38DD1D8EC65C}.Release|Any CPU.Build.0 = Release|Any CPU
		{B8027F84-7C56-4B09-8BD6-BA565B944A9D}.Debug|Any CPU.ActiveCfg = Debug|Any CPU
		{B8027F84-7C56-4B09-8BD6-BA565B944A9D}.Debug|Any CPU.Build.0 = Debug|Any CPU
		{B8027F84-7C56-4B09-8BD6-BA565B944A9D}.Release|Any CPU.ActiveCfg = Release|Any CPU
		{B8027F84-7C56-4B09-8BD6-BA565B944A9D}.Release|Any CPU.Build.0 = Release|Any CPU
		{F49AC819-11F9-48D3-A8F2-F479E7B7285D}.Debug|Any CPU.ActiveCfg = Debug|Any CPU
		{F49AC819-11F9-48D3-A8F2-F479E7B7285D}.Debug|Any CPU.Build.0 = Debug|Any CPU
		{F49AC819-11F9-48D3-A8F2-F479E7B7285D}.Release|Any CPU.ActiveCfg = Release|Any CPU
		{F49AC819-11F9-48D3-A8F2-F479E7B7285D}.Release|Any CPU.Build.0 = Release|Any CPU
		{4707DD7B-B8DC-4A2F-A046-A9E52F9F2DCF}.Debug|Any CPU.ActiveCfg = Debug|Any CPU
		{4707DD7B-B8DC-4A2F-A046-A9E52F9F2DCF}.Debug|Any CPU.Build.0 = Debug|Any CPU
		{4707DD7B-B8DC-4A2F-A046-A9E52F9F2DCF}.Release|Any CPU.ActiveCfg = Release|Any CPU
		{4707DD7B-B8DC-4A2F-A046-A9E52F9F2DCF}.Release|Any CPU.Build.0 = Release|Any CPU
		{DB49E605-D950-49DE-AA3D-0F2602373883}.Debug|Any CPU.ActiveCfg = Debug|Any CPU
		{DB49E605-D950-49DE-AA3D-0F2602373883}.Debug|Any CPU.Build.0 = Debug|Any CPU
		{DB49E605-D950-49DE-AA3D-0F2602373883}.Release|Any CPU.ActiveCfg = Release|Any CPU
		{DB49E605-D950-49DE-AA3D-0F2602373883}.Release|Any CPU.Build.0 = Release|Any CPU
		{AB7F551E-A98D-465B-AF59-D16BC6CA35E2}.Debug|Any CPU.ActiveCfg = Debug|Any CPU
		{AB7F551E-A98D-465B-AF59-D16BC6CA35E2}.Debug|Any CPU.Build.0 = Debug|Any CPU
		{AB7F551E-A98D-465B-AF59-D16BC6CA35E2}.Release|Any CPU.ActiveCfg = Release|Any CPU
		{AB7F551E-A98D-465B-AF59-D16BC6CA35E2}.Release|Any CPU.Build.0 = Release|Any CPU
		{9CC27A25-C43F-4E44-8EF0-F92CEB3A4CE7}.Debug|Any CPU.ActiveCfg = Debug|Any CPU
		{9CC27A25-C43F-4E44-8EF0-F92CEB3A4CE7}.Debug|Any CPU.Build.0 = Debug|Any CPU
		{9CC27A25-C43F-4E44-8EF0-F92CEB3A4CE7}.Release|Any CPU.ActiveCfg = Release|Any CPU
		{9CC27A25-C43F-4E44-8EF0-F92CEB3A4CE7}.Release|Any CPU.Build.0 = Release|Any CPU
		{5AFA682C-4FA4-4FE7-9EEF-1D50AC0197D1}.Debug|Any CPU.ActiveCfg = Debug|Any CPU
		{5AFA682C-4FA4-4FE7-9EEF-1D50AC0197D1}.Debug|Any CPU.Build.0 = Debug|Any CPU
		{5AFA682C-4FA4-4FE7-9EEF-1D50AC0197D1}.Release|Any CPU.ActiveCfg = Release|Any CPU
		{5AFA682C-4FA4-4FE7-9EEF-1D50AC0197D1}.Release|Any CPU.Build.0 = Release|Any CPU
	EndGlobalSection
	GlobalSection(NestedProjects) = preSolution
		{BF126CC9-C291-4CF9-9BC4-617A48F3D700} = {B833AF6E-15C4-468F-987C-2E7F5E2CA3D8}
		{6E695A19-EFD5-434F-A14D-76E82B1EF32C} = {CF4C64A9-A9EA-4AD0-8CEE-6CD194D45E81}
		{3A789A72-4941-4F5D-BF9B-179A7CE7D9BD} = {CF4C64A9-A9EA-4AD0-8CEE-6CD194D45E81}
		{57EE889A-57C8-41F9-ADAC-A8F235BABB97} = {CF4C64A9-A9EA-4AD0-8CEE-6CD194D45E81}
		{610CB474-8221-43EA-99C8-38DD1D8EC65C} = {CF4C64A9-A9EA-4AD0-8CEE-6CD194D45E81}
		{B8027F84-7C56-4B09-8BD6-BA565B944A9D} = {CD7FA5A1-24E7-46A5-9382-8160E1160304}
		{F49AC819-11F9-48D3-A8F2-F479E7B7285D} = {CD7FA5A1-24E7-46A5-9382-8160E1160304}
		{4707DD7B-B8DC-4A2F-A046-A9E52F9F2DCF} = {CF4C64A9-A9EA-4AD0-8CEE-6CD194D45E81}
		{DB49E605-D950-49DE-AA3D-0F2602373883} = {CD7FA5A1-24E7-46A5-9382-8160E1160304}
		{AB7F551E-A98D-465B-AF59-D16BC6CA35E2} = {CF4C64A9-A9EA-4AD0-8CEE-6CD194D45E81}
		{9CC27A25-C43F-4E44-8EF0-F92CEB3A4CE7} = {CD7FA5A1-24E7-46A5-9382-8160E1160304}
		{5AFA682C-4FA4-4FE7-9EEF-1D50AC0197D1} = {CD7FA5A1-24E7-46A5-9382-8160E1160304}
	EndGlobalSection
EndGlobal
